
Microsoft Visual Studio Solution File, Format Version 12.00
# Visual Studio Version 17
VisualStudioVersion = 17.2.32519.379
MinimumVisualStudioVersion = 10.0.40219.1
Project("{FAE04EC0-301F-11D3-BF4B-00C04F79EFBC}") = "BetterCalculator", "BetterCalculator\BetterCalculator.csproj", "{8F17821B-CC45-46EF-889B-C2C92CC59499}"
EndProject
Global
	GlobalSection(SolutionConfigurationPlatforms) = preSolution
		Debug|Any CPU = Debug|Any CPU
		Release|Any CPU = Release|Any CPU
	EndGlobalSection
	GlobalSection(ProjectConfigurationPlatforms) = postSolution
		{8F17821B-CC45-46EF-889B-C2C92CC59499}.Debug|Any CPU.ActiveCfg = Debug|Any CPU
		{8F17821B-CC45-46EF-889B-C2C92CC59499}.Debug|Any CPU.Build.0 = Debug|Any CPU
		{8F17821B-CC45-46EF-889B-C2C92CC59499}.Release|Any CPU.ActiveCfg = Release|Any CPU
		{8F17821B-CC45-46EF-889B-C2C92CC59499}.Release|Any CPU.Build.0 = Release|Any CPU
	EndGlobalSection
	GlobalSection(SolutionProperties) = preSolution
		HideSolutionNode = FALSE
	EndGlobalSection
	GlobalSection(ExtensibilityGlobals) = postSolution
		SolutionGuid = {07998DB4-5A53-4791-B071-6BCC66488B0A}
	EndGlobalSection
EndGlobal
